
Microsoft Visual Studio Solution File, Format Version 12.00
# Visual Studio 15
VisualStudioVersion = 15.0.28307.1433
MinimumVisualStudioVersion = 10.0.40219.1
Project("{8BC9CEB8-8B4A-11D0-8D11-00A0C91BC942}") = "Practice file", "Practice file\Practice file.vcxproj", "{E9B30D81-8C9E-45F8-82EC-F24D28FF45CB}"
EndProject
Global
	GlobalSection(SolutionConfigurationPlatforms) = preSolution
		Debug|x64 = Debug|x64
		Debug|x86 = Debug|x86
		Release|x64 = Release|x64
		Release|x86 = Release|x86
	EndGlobalSection
	GlobalSection(ProjectConfigurationPlatforms) = postSolution
		{E9B30D81-8C9E-45F8-82EC-F24D28FF45CB}.Debug|x64.ActiveCfg = Debug|x64
		{E9B30D81-8C9E-45F8-82EC-F24D28FF45CB}.Debug|x64.Build.0 = Debug|x64
		{E9B30D81-8C9E-45F8-82EC-F24D28FF45CB}.Debug|x86.ActiveCfg = Debug|Win32
		{E9B30D81-8C9E-45F8-82EC-F24D28FF45CB}.Debug|x86.Build.0 = Debug|Win32
		{E9B30D81-8C9E-45F8-82EC-F24D28FF45CB}.Release|x64.ActiveCfg = Release|x64
		{E9B30D81-8C9E-45F8-82EC-F24D28FF45CB}.Release|x64.Build.0 = Release|x64
		{E9B30D81-8C9E-45F8-82EC-F24D28FF45CB}.Release|x86.ActiveCfg = Release|Win32
		{E9B30D81-8C9E-45F8-82EC-F24D28FF45CB}.Release|x86.Build.0 = Release|Win32
	EndGlobalSection
	GlobalSection(SolutionProperties) = preSolution
		HideSolutionNode = FALSE
	EndGlobalSection
	GlobalSection(ExtensibilityGlobals) = postSolution
		SolutionGuid = {8FBA97C6-09F1-4787-8BC0-C682E85150EB}
	EndGlobalSection
EndGlobal
