
Microsoft Visual Studio Solution File, Format Version 12.00
# Visual Studio 15
VisualStudioVersion = 15.0.28307.1433
MinimumVisualStudioVersion = 10.0.40219.1
Project("{8BC9CEB8-8B4A-11D0-8D11-00A0C91BC942}") = "숙제 5_2.21세기 윤년 찾기", "숙제 5_2.21세기 윤년 찾기\숙제 5_2.21세기 윤년 찾기.vcxproj", "{1D36063D-2121-401A-893D-6E0A92DFE92B}"
EndProject
Global
	GlobalSection(SolutionConfigurationPlatforms) = preSolution
		Debug|x64 = Debug|x64
		Debug|x86 = Debug|x86
		Release|x64 = Release|x64
		Release|x86 = Release|x86
	EndGlobalSection
	GlobalSection(ProjectConfigurationPlatforms) = postSolution
		{1D36063D-2121-401A-893D-6E0A92DFE92B}.Debug|x64.ActiveCfg = Debug|x64
		{1D36063D-2121-401A-893D-6E0A92DFE92B}.Debug|x64.Build.0 = Debug|x64
		{1D36063D-2121-401A-893D-6E0A92DFE92B}.Debug|x86.ActiveCfg = Debug|Win32
		{1D36063D-2121-401A-893D-6E0A92DFE92B}.Debug|x86.Build.0 = Debug|Win32
		{1D36063D-2121-401A-893D-6E0A92DFE92B}.Release|x64.ActiveCfg = Release|x64
		{1D36063D-2121-401A-893D-6E0A92DFE92B}.Release|x64.Build.0 = Release|x64
		{1D36063D-2121-401A-893D-6E0A92DFE92B}.Release|x86.ActiveCfg = Release|Win32
		{1D36063D-2121-401A-893D-6E0A92DFE92B}.Release|x86.Build.0 = Release|Win32
	EndGlobalSection
	GlobalSection(SolutionProperties) = preSolution
		HideSolutionNode = FALSE
	EndGlobalSection
	GlobalSection(ExtensibilityGlobals) = postSolution
		SolutionGuid = {9743758F-247B-46B9-9DCD-C73F769ECC19}
	EndGlobalSection
EndGlobal
