
Microsoft Visual Studio Solution File, Format Version 12.00
# Visual Studio 15
VisualStudioVersion = 15.0.28307.1433
MinimumVisualStudioVersion = 10.0.40219.1
Project("{8BC9CEB8-8B4A-11D0-8D11-00A0C91BC942}") = "중간고사 풀이 3번", "중간고사 풀이 3번\중간고사 풀이 3번.vcxproj", "{E2F7A1AE-F433-4FA7-AAE6-C4EACBCFB019}"
EndProject
Global
	GlobalSection(SolutionConfigurationPlatforms) = preSolution
		Debug|x64 = Debug|x64
		Debug|x86 = Debug|x86
		Release|x64 = Release|x64
		Release|x86 = Release|x86
	EndGlobalSection
	GlobalSection(ProjectConfigurationPlatforms) = postSolution
		{E2F7A1AE-F433-4FA7-AAE6-C4EACBCFB019}.Debug|x64.ActiveCfg = Debug|x64
		{E2F7A1AE-F433-4FA7-AAE6-C4EACBCFB019}.Debug|x64.Build.0 = Debug|x64
		{E2F7A1AE-F433-4FA7-AAE6-C4EACBCFB019}.Debug|x86.ActiveCfg = Debug|Win32
		{E2F7A1AE-F433-4FA7-AAE6-C4EACBCFB019}.Debug|x86.Build.0 = Debug|Win32
		{E2F7A1AE-F433-4FA7-AAE6-C4EACBCFB019}.Release|x64.ActiveCfg = Release|x64
		{E2F7A1AE-F433-4FA7-AAE6-C4EACBCFB019}.Release|x64.Build.0 = Release|x64
		{E2F7A1AE-F433-4FA7-AAE6-C4EACBCFB019}.Release|x86.ActiveCfg = Release|Win32
		{E2F7A1AE-F433-4FA7-AAE6-C4EACBCFB019}.Release|x86.Build.0 = Release|Win32
	EndGlobalSection
	GlobalSection(SolutionProperties) = preSolution
		HideSolutionNode = FALSE
	EndGlobalSection
	GlobalSection(ExtensibilityGlobals) = postSolution
		SolutionGuid = {1D06675E-E0C1-4B1C-82B6-3BFE8FCE7BC7}
	EndGlobalSection
EndGlobal
